
Microsoft Visual Studio Solution File, Format Version 11.00
# Visual Studio 2010
Project("{FAE04EC0-301F-11D3-BF4B-00C04F79EFBC}") = "Dia1-Ex1", "Dia1-Ex1\Dia1-Ex1.csproj", "{A10F60B5-B0BB-415C-A9E2-245514C315C7}"
EndProject
Project("{FAE04EC0-301F-11D3-BF4B-00C04F79EFBC}") = "Dia1-Ex2", "Dia1-Ex2\Dia1-Ex2.csproj", "{6FAE1CE6-F9A6-4D60-B629-3798BEFB7B48}"
EndProject
Project("{FAE04EC0-301F-11D3-BF4B-00C04F79EFBC}") = "Dia1-Ex3", "Dia1-Ex3\Dia1-Ex3.csproj", "{165A183A-FCA2-4470-968C-CDCA828B7721}"
EndProject
Project("{FAE04EC0-301F-11D3-BF4B-00C04F79EFBC}") = "Dia1-Ex4", "Dia1-Ex4\Dia1-Ex4.csproj", "{101CE08B-631D-460B-8C7F-BEB9DAA85A29}"
EndProject
Project("{FAE04EC0-301F-11D3-BF4B-00C04F79EFBC}") = "Dia1-Ex5", "Dia1-Ex5\Dia1-Ex5.csproj", "{4D00B65C-4412-43AB-A4ED-A80EEF5B01E7}"
EndProject
Project("{FAE04EC0-301F-11D3-BF4B-00C04F79EFBC}") = "Dia1-Ex6", "Dia1-Ex6\Dia1-Ex6.csproj", "{D87B36EB-DCB4-4DB6-A33D-B6AA60E36CFE}"
EndProject
Project("{FAE04EC0-301F-11D3-BF4B-00C04F79EFBC}") = "Dia1-Ex7", "Dia1-Ex7\Dia1-Ex7.csproj", "{633F0FFA-654D-4D95-9128-31217BD73A58}"
EndProject
Project("{FAE04EC0-301F-11D3-BF4B-00C04F79EFBC}") = "Dia1-Ex8", "Dia1-Ex8\Dia1-Ex8.csproj", "{1FCE63E8-EE7B-4A3A-808F-8ABA8FC9A130}"
EndProject
Project("{FAE04EC0-301F-11D3-BF4B-00C04F79EFBC}") = "Dia1-Ex9", "Dia1-Ex9\Dia1-Ex9.csproj", "{B359179D-B1F7-4D8D-BA18-67498775F4E2}"
EndProject
Project("{FAE04EC0-301F-11D3-BF4B-00C04F79EFBC}") = "Dia1-Ex10", "Dia1-Ex10\Dia1-Ex10.csproj", "{619ED528-989F-4111-8CE5-669F81A66F38}"
EndProject
Project("{FAE04EC0-301F-11D3-BF4B-00C04F79EFBC}") = "Dia1-Ex11", "Dia1-Ex11\Dia1-Ex11.csproj", "{25C72495-7FEB-4FBE-95AB-3F0BFB03CFD1}"
EndProject
Project("{FAE04EC0-301F-11D3-BF4B-00C04F79EFBC}") = "Dia1-Ex12", "Dia1-Ex12\Dia1-Ex12.csproj", "{2498850D-CCD7-4F03-9D2B-16396E5B844C}"
EndProject
Project("{FAE04EC0-301F-11D3-BF4B-00C04F79EFBC}") = "Dia1-Ex13", "Dia1-Ex13\Dia1-Ex13.csproj", "{2CE61CE7-2214-4459-BC96-FF738B6A5A96}"
EndProject
Project("{FAE04EC0-301F-11D3-BF4B-00C04F79EFBC}") = "Dia1-Ex14", "Dia1-Ex14\Dia1-Ex14.csproj", "{8015A5D2-7606-4BE9-A2D9-9957317D7FC7}"
EndProject
Global
	GlobalSection(SolutionConfigurationPlatforms) = preSolution
		Debug|Any CPU = Debug|Any CPU
		Release|Any CPU = Release|Any CPU
	EndGlobalSection
	GlobalSection(ProjectConfigurationPlatforms) = postSolution
		{101CE08B-631D-460B-8C7F-BEB9DAA85A29}.Debug|Any CPU.ActiveCfg = Debug|Any CPU
		{101CE08B-631D-460B-8C7F-BEB9DAA85A29}.Debug|Any CPU.Build.0 = Debug|Any CPU
		{101CE08B-631D-460B-8C7F-BEB9DAA85A29}.Release|Any CPU.ActiveCfg = Release|Any CPU
		{101CE08B-631D-460B-8C7F-BEB9DAA85A29}.Release|Any CPU.Build.0 = Release|Any CPU
		{165A183A-FCA2-4470-968C-CDCA828B7721}.Debug|Any CPU.ActiveCfg = Debug|Any CPU
		{165A183A-FCA2-4470-968C-CDCA828B7721}.Debug|Any CPU.Build.0 = Debug|Any CPU
		{165A183A-FCA2-4470-968C-CDCA828B7721}.Release|Any CPU.ActiveCfg = Release|Any CPU
		{165A183A-FCA2-4470-968C-CDCA828B7721}.Release|Any CPU.Build.0 = Release|Any CPU
		{1FCE63E8-EE7B-4A3A-808F-8ABA8FC9A130}.Debug|Any CPU.ActiveCfg = Debug|Any CPU
		{1FCE63E8-EE7B-4A3A-808F-8ABA8FC9A130}.Debug|Any CPU.Build.0 = Debug|Any CPU
		{1FCE63E8-EE7B-4A3A-808F-8ABA8FC9A130}.Release|Any CPU.ActiveCfg = Release|Any CPU
		{1FCE63E8-EE7B-4A3A-808F-8ABA8FC9A130}.Release|Any CPU.Build.0 = Release|Any CPU
		{2498850D-CCD7-4F03-9D2B-16396E5B844C}.Debug|Any CPU.ActiveCfg = Debug|Any CPU
		{2498850D-CCD7-4F03-9D2B-16396E5B844C}.Debug|Any CPU.Build.0 = Debug|Any CPU
		{2498850D-CCD7-4F03-9D2B-16396E5B844C}.Release|Any CPU.ActiveCfg = Release|Any CPU
		{2498850D-CCD7-4F03-9D2B-16396E5B844C}.Release|Any CPU.Build.0 = Release|Any CPU
		{25C72495-7FEB-4FBE-95AB-3F0BFB03CFD1}.Debug|Any CPU.ActiveCfg = Debug|Any CPU
		{25C72495-7FEB-4FBE-95AB-3F0BFB03CFD1}.Debug|Any CPU.Build.0 = Debug|Any CPU
		{25C72495-7FEB-4FBE-95AB-3F0BFB03CFD1}.Release|Any CPU.ActiveCfg = Release|Any CPU
		{25C72495-7FEB-4FBE-95AB-3F0BFB03CFD1}.Release|Any CPU.Build.0 = Release|Any CPU
		{2CE61CE7-2214-4459-BC96-FF738B6A5A96}.Debug|Any CPU.ActiveCfg = Debug|Any CPU
		{2CE61CE7-2214-4459-BC96-FF738B6A5A96}.Debug|Any CPU.Build.0 = Debug|Any CPU
		{2CE61CE7-2214-4459-BC96-FF738B6A5A96}.Release|Any CPU.ActiveCfg = Release|Any CPU
		{2CE61CE7-2214-4459-BC96-FF738B6A5A96}.Release|Any CPU.Build.0 = Release|Any CPU
		{4D00B65C-4412-43AB-A4ED-A80EEF5B01E7}.Debug|Any CPU.ActiveCfg = Debug|Any CPU
		{4D00B65C-4412-43AB-A4ED-A80EEF5B01E7}.Debug|Any CPU.Build.0 = Debug|Any CPU
		{4D00B65C-4412-43AB-A4ED-A80EEF5B01E7}.Release|Any CPU.ActiveCfg = Release|Any CPU
		{4D00B65C-4412-43AB-A4ED-A80EEF5B01E7}.Release|Any CPU.Build.0 = Release|Any CPU
		{619ED528-989F-4111-8CE5-669F81A66F38}.Debug|Any CPU.ActiveCfg = Debug|Any CPU
		{619ED528-989F-4111-8CE5-669F81A66F38}.Debug|Any CPU.Build.0 = Debug|Any CPU
		{619ED528-989F-4111-8CE5-669F81A66F38}.Release|Any CPU.ActiveCfg = Release|Any CPU
		{619ED528-989F-4111-8CE5-669F81A66F38}.Release|Any CPU.Build.0 = Release|Any CPU
		{633F0FFA-654D-4D95-9128-31217BD73A58}.Debug|Any CPU.ActiveCfg = Debug|Any CPU
		{633F0FFA-654D-4D95-9128-31217BD73A58}.Debug|Any CPU.Build.0 = Debug|Any CPU
		{633F0FFA-654D-4D95-9128-31217BD73A58}.Release|Any CPU.ActiveCfg = Release|Any CPU
		{633F0FFA-654D-4D95-9128-31217BD73A58}.Release|Any CPU.Build.0 = Release|Any CPU
		{6FAE1CE6-F9A6-4D60-B629-3798BEFB7B48}.Debug|Any CPU.ActiveCfg = Debug|Any CPU
		{6FAE1CE6-F9A6-4D60-B629-3798BEFB7B48}.Debug|Any CPU.Build.0 = Debug|Any CPU
		{6FAE1CE6-F9A6-4D60-B629-3798BEFB7B48}.Release|Any CPU.ActiveCfg = Release|Any CPU
		{6FAE1CE6-F9A6-4D60-B629-3798BEFB7B48}.Release|Any CPU.Build.0 = Release|Any CPU
		{8015A5D2-7606-4BE9-A2D9-9957317D7FC7}.Debug|Any CPU.ActiveCfg = Debug|Any CPU
		{8015A5D2-7606-4BE9-A2D9-9957317D7FC7}.Debug|Any CPU.Build.0 = Debug|Any CPU
		{8015A5D2-7606-4BE9-A2D9-9957317D7FC7}.Release|Any CPU.ActiveCfg = Release|Any CPU
		{8015A5D2-7606-4BE9-A2D9-9957317D7FC7}.Release|Any CPU.Build.0 = Release|Any CPU
		{A10F60B5-B0BB-415C-A9E2-245514C315C7}.Debug|Any CPU.ActiveCfg = Debug|Any CPU
		{A10F60B5-B0BB-415C-A9E2-245514C315C7}.Debug|Any CPU.Build.0 = Debug|Any CPU
		{A10F60B5-B0BB-415C-A9E2-245514C315C7}.Release|Any CPU.ActiveCfg = Release|Any CPU
		{A10F60B5-B0BB-415C-A9E2-245514C315C7}.Release|Any CPU.Build.0 = Release|Any CPU
		{B359179D-B1F7-4D8D-BA18-67498775F4E2}.Debug|Any CPU.ActiveCfg = Debug|Any CPU
		{B359179D-B1F7-4D8D-BA18-67498775F4E2}.Debug|Any CPU.Build.0 = Debug|Any CPU
		{B359179D-B1F7-4D8D-BA18-67498775F4E2}.Release|Any CPU.ActiveCfg = Release|Any CPU
		{B359179D-B1F7-4D8D-BA18-67498775F4E2}.Release|Any CPU.Build.0 = Release|Any CPU
		{D87B36EB-DCB4-4DB6-A33D-B6AA60E36CFE}.Debug|Any CPU.ActiveCfg = Debug|Any CPU
		{D87B36EB-DCB4-4DB6-A33D-B6AA60E36CFE}.Debug|Any CPU.Build.0 = Debug|Any CPU
		{D87B36EB-DCB4-4DB6-A33D-B6AA60E36CFE}.Release|Any CPU.ActiveCfg = Release|Any CPU
		{D87B36EB-DCB4-4DB6-A33D-B6AA60E36CFE}.Release|Any CPU.Build.0 = Release|Any CPU
	EndGlobalSection
	GlobalSection(MonoDevelopProperties) = preSolution
		StartupItem = Dia1-Ex1\Dia1-Ex1.csproj
	EndGlobalSection
EndGlobal
