
Microsoft Visual Studio Solution File, Format Version 12.00
# Visual Studio 2012
Project("{FAE04EC0-301F-11D3-BF4B-00C04F79EFBC}") = "WsLibMobile", "WsLibMobile\WsLibMobile.csproj", "{B8429DCD-F574-468F-AA09-B88EE5BFFFFA}"
EndProject
Project("{FAE04EC0-301F-11D3-BF4B-00C04F79EFBC}") = "ConsoleTeste", "ConsoleTeste\ConsoleTeste.csproj", "{BF8CC4E6-87EA-498E-8BDE-E613BEA9A151}"
EndProject
Global
	GlobalSection(SolutionConfigurationPlatforms) = preSolution
		Debug|Any CPU = Debug|Any CPU
		Release|Any CPU = Release|Any CPU
	EndGlobalSection
	GlobalSection(ProjectConfigurationPlatforms) = postSolution
		{B8429DCD-F574-468F-AA09-B88EE5BFFFFA}.Debug|Any CPU.ActiveCfg = Debug|Any CPU
		{B8429DCD-F574-468F-AA09-B88EE5BFFFFA}.Debug|Any CPU.Build.0 = Debug|Any CPU
		{B8429DCD-F574-468F-AA09-B88EE5BFFFFA}.Release|Any CPU.ActiveCfg = Release|Any CPU
		{B8429DCD-F574-468F-AA09-B88EE5BFFFFA}.Release|Any CPU.Build.0 = Release|Any CPU
		{BF8CC4E6-87EA-498E-8BDE-E613BEA9A151}.Debug|Any CPU.ActiveCfg = Debug|Any CPU
		{BF8CC4E6-87EA-498E-8BDE-E613BEA9A151}.Debug|Any CPU.Build.0 = Debug|Any CPU
		{BF8CC4E6-87EA-498E-8BDE-E613BEA9A151}.Release|Any CPU.ActiveCfg = Release|Any CPU
		{BF8CC4E6-87EA-498E-8BDE-E613BEA9A151}.Release|Any CPU.Build.0 = Release|Any CPU
	EndGlobalSection
	GlobalSection(SolutionProperties) = preSolution
		HideSolutionNode = FALSE
	EndGlobalSection
EndGlobal
