
Microsoft Visual Studio Solution File, Format Version 11.00
# Visual Studio 2010
Project("{FAE04EC0-301F-11D3-BF4B-00C04F79EFBC}") = "DesignerWalkthrough", "DesignerWalkthrough\DesignerWalkthrough.csproj", "{492FC7BF-9F39-4847-84A7-54736C5D235E}"
EndProject
Global
	GlobalSection(SolutionConfigurationPlatforms) = preSolution
		Debug|Any CPU = Debug|Any CPU
		Release|Any CPU = Release|Any CPU
	EndGlobalSection
	GlobalSection(ProjectConfigurationPlatforms) = postSolution
		{492FC7BF-9F39-4847-84A7-54736C5D235E}.Debug|Any CPU.ActiveCfg = Debug|Any CPU
		{492FC7BF-9F39-4847-84A7-54736C5D235E}.Debug|Any CPU.Build.0 = Debug|Any CPU
		{492FC7BF-9F39-4847-84A7-54736C5D235E}.Release|Any CPU.ActiveCfg = Release|Any CPU
		{492FC7BF-9F39-4847-84A7-54736C5D235E}.Release|Any CPU.Build.0 = Release|Any CPU
	EndGlobalSection
	GlobalSection(MonoDevelopProperties) = preSolution
		StartupItem = DesignerWalkthrough\DesignerWalkthrough.csproj
	EndGlobalSection
EndGlobal
